// !$*UTF8*$!
{
	archiveVersion = 1;
	classes = {
	};
	objectVersion = 46;
	objects = {

/* Begin PBXBuildFile section */
		A9100BE01B2E5FE4006C13AB /* AddToDoItemViewController.swift in Sources */ = {isa = PBXBuildFile; fileRef = A9100BDF1B2E5FE4006C13AB /* AddToDoItemViewController.swift */; };
		A9100BE21B2E619D006C13AB /* TodoListTableViewController.swift in Sources */ = {isa = PBXBuildFile; fileRef = A9100BE11B2E619D006C13AB /* TodoListTableViewController.swift */; };
		A94713AD1B2DDC1700DA5E94 /* AppDelegate.swift in Sources */ = {isa = PBXBuildFile; fileRef = A94713AC1B2DDC1700DA5E94 /* AppDelegate.swift */; };
		A94713AF1B2DDC1700DA5E94 /* ViewController.swift in Sources */ = {isa = PBXBuildFile; fileRef = A94713AE1B2DDC1700DA5E94 /* ViewController.swift */; };
		A94713B21B2DDC1700DA5E94 /* Main.storyboard in Resources */ = {isa = PBXBuildFile; fileRef = A94713B01B2DDC1700DA5E94 /* Main.storyboard */; };
		A94713B41B2DDC1700DA5E94 /* Images.xcassets in Resources */ = {isa = PBXBuildFile; fileRef = A94713B31B2DDC1700DA5E94 /* Images.xcassets */; };
		A94713B71B2DDC1700DA5E94 /* LaunchScreen.xib in Resources */ = {isa = PBXBuildFile; fileRef = A94713B51B2DDC1700DA5E94 /* LaunchScreen.xib */; };
		A94713C31B2DDC1700DA5E94 /* ToDoListTests.swift in Sources */ = {isa = PBXBuildFile; fileRef = A94713C21B2DDC1700DA5E94 /* ToDoListTests.swift */; };
/* End PBXBuildFile section */

/* Begin PBXContainerItemProxy section */
		A94713BD1B2DDC1700DA5E94 /* PBXContainerItemProxy */ = {
			isa = PBXContainerItemProxy;
			containerPortal = A947139F1B2DDC1600DA5E94 /* Project object */;
			proxyType = 1;
			remoteGlobalIDString = A94713A61B2DDC1600DA5E94;
			remoteInfo = ToDoList;
		};
/* End PBXContainerItemProxy section */

/* Begin PBXFileReference section */
		A9100BDF1B2E5FE4006C13AB /* AddToDoItemViewController.swift */ = {isa = PBXFileReference; fileEncoding = 4; lastKnownFileType = sourcecode.swift; path = AddToDoItemViewController.swift; sourceTree = "<group>"; };
		A9100BE11B2E619D006C13AB /* TodoListTableViewController.swift */ = {isa = PBXFileReference; fileEncoding = 4; lastKnownFileType = sourcecode.swift; path = TodoListTableViewController.swift; sourceTree = "<group>"; };
		A94713A71B2DDC1700DA5E94 /* ToDoList.app */ = {isa = PBXFileReference; explicitFileType = wrapper.application; includeInIndex = 0; path = ToDoList.app; sourceTree = BUILT_PRODUCTS_DIR; };
		A94713AB1B2DDC1700DA5E94 /* Info.plist */ = {isa = PBXFileReference; lastKnownFileType = text.plist.xml; path = Info.plist; sourceTree = "<group>"; };
		A94713AC1B2DDC1700DA5E94 /* AppDelegate.swift */ = {isa = PBXFileReference; lastKnownFileType = sourcecode.swift; path = AppDelegate.swift; sourceTree = "<group>"; };
		A94713AE1B2DDC1700DA5E94 /* ViewController.swift */ = {isa = PBXFileReference; lastKnownFileType = sourcecode.swift; path = ViewController.swift; sourceTree = "<group>"; };
		A94713B11B2DDC1700DA5E94 /* Base */ = {isa = PBXFileReference; lastKnownFileType = file.storyboard; name = Base; path = Base.lproj/Main.storyboard; sourceTree = "<group>"; };
		A94713B31B2DDC1700DA5E94 /* Images.xcassets */ = {isa = PBXFileReference; lastKnownFileType = folder.assetcatalog; path = Images.xcassets; sourceTree = "<group>"; };
		A94713B61B2DDC1700DA5E94 /* Base */ = {isa = PBXFileReference; lastKnownFileType = file.xib; name = Base; path = Base.lproj/LaunchScreen.xib; sourceTree = "<group>"; };
		A94713BC1B2DDC1700DA5E94 /* ToDoListTests.xctest */ = {isa = PBXFileReference; explicitFileType = wrapper.cfbundle; includeInIndex = 0; path = ToDoListTests.xctest; sourceTree = BUILT_PRODUCTS_DIR; };
		A94713C11B2DDC1700DA5E94 /* Info.plist */ = {isa = PBXFileReference; lastKnownFileType = text.plist.xml; path = Info.plist; sourceTree = "<group>"; };
		A94713C21B2DDC1700DA5E94 /* ToDoListTests.swift */ = {isa = PBXFileReference; lastKnownFileType = sourcecode.swift; path = ToDoListTests.swift; sourceTree = "<group>"; };
/* End PBXFileReference section */

/* Begin PBXFrameworksBuildPhase section */
		A94713A41B2DDC1600DA5E94 /* Frameworks */ = {
			isa = PBXFrameworksBuildPhase;
			buildActionMask = 2147483647;
			files = (
			);
			runOnlyForDeploymentPostprocessing = 0;
		};
		A94713B91B2DDC1700DA5E94 /* Frameworks */ = {
			isa = PBXFrameworksBuildPhase;
			buildActionMask = 2147483647;
			files = (
			);
			runOnlyForDeploymentPostprocessing = 0;
		};
/* End PBXFrameworksBuildPhase section */

/* Begin PBXGroup section */
		A947139E1B2DDC1600DA5E94 = {
			isa = PBXGroup;
			children = (
				A94713A91B2DDC1700DA5E94 /* ToDoList */,
				A94713BF1B2DDC1700DA5E94 /* ToDoListTests */,
				A94713A81B2DDC1700DA5E94 /* Products */,
			);
			sourceTree = "<group>";
		};
		A94713A81B2DDC1700DA5E94 /* Products */ = {
			isa = PBXGroup;
			children = (
				A94713A71B2DDC1700DA5E94 /* ToDoList.app */,
				A94713BC1B2DDC1700DA5E94 /* ToDoListTests.xctest */,
			);
			name = Products;
			sourceTree = "<group>";
		};
		A94713A91B2DDC1700DA5E94 /* ToDoList */ = {
			isa = PBXGroup;
			children = (
				A94713AC1B2DDC1700DA5E94 /* AppDelegate.swift */,
				A94713AE1B2DDC1700DA5E94 /* ViewController.swift */,
				A9100BDF1B2E5FE4006C13AB /* AddToDoItemViewController.swift */,
				A9100BE11B2E619D006C13AB /* TodoListTableViewController.swift */,
				A94713B01B2DDC1700DA5E94 /* Main.storyboard */,
				A94713B31B2DDC1700DA5E94 /* Images.xcassets */,
				A94713B51B2DDC1700DA5E94 /* LaunchScreen.xib */,
				A94713AA1B2DDC1700DA5E94 /* Supporting Files */,
			);
			path = ToDoList;
			sourceTree = "<group>";
		};
		A94713AA1B2DDC1700DA5E94 /* Supporting Files */ = {
			isa = PBXGroup;
			children = (
				A94713AB1B2DDC1700DA5E94 /* Info.plist */,
			);
			name = "Supporting Files";
			sourceTree = "<group>";
		};
		A94713BF1B2DDC1700DA5E94 /* ToDoListTests */ = {
			isa = PBXGroup;
			children = (
				A94713C21B2DDC1700DA5E94 /* ToDoListTests.swift */,
				A94713C01B2DDC1700DA5E94 /* Supporting Files */,
			);
			path = ToDoListTests;
			sourceTree = "<group>";
		};
		A94713C01B2DDC1700DA5E94 /* Supporting Files */ = {
			isa = PBXGroup;
			children = (
				A94713C11B2DDC1700DA5E94 /* Info.plist */,
			);
			name = "Supporting Files";
			sourceTree = "<group>";
		};
/* End PBXGroup section */

/* Begin PBXNativeTarget section */
		A94713A61B2DDC1600DA5E94 /* ToDoList */ = {
			isa = PBXNativeTarget;
			buildConfigurationList = A94713C61B2DDC1700DA5E94 /* Build configuration list for PBXNativeTarget "ToDoList" */;
			buildPhases = (
				A94713A31B2DDC1600DA5E94 /* Sources */,
				A94713A41B2DDC1600DA5E94 /* Frameworks */,
				A94713A51B2DDC1600DA5E94 /* Resources */,
			);
			buildRules = (
			);
			dependencies = (
			);
			name = ToDoList;
			productName = ToDoList;
			productReference = A94713A71B2DDC1700DA5E94 /* ToDoList.app */;
			productType = "com.apple.product-type.application";
		};
		A94713BB1B2DDC1700DA5E94 /* ToDoListTests */ = {
			isa = PBXNativeTarget;
			buildConfigurationList = A94713C91B2DDC1700DA5E94 /* Build configuration list for PBXNativeTarget "ToDoListTests" */;
			buildPhases = (
				A94713B81B2DDC1700DA5E94 /* Sources */,
				A94713B91B2DDC1700DA5E94 /* Frameworks */,
				A94713BA1B2DDC1700DA5E94 /* Resources */,
			);
			buildRules = (
			);
			dependencies = (
				A94713BE1B2DDC1700DA5E94 /* PBXTargetDependency */,
			);
			name = ToDoListTests;
			productName = ToDoListTests;
			productReference = A94713BC1B2DDC1700DA5E94 /* ToDoListTests.xctest */;
			productType = "com.apple.product-type.bundle.unit-test";
		};
/* End PBXNativeTarget section */

/* Begin PBXProject section */
		A947139F1B2DDC1600DA5E94 /* Project object */ = {
			isa = PBXProject;
			attributes = {
				LastUpgradeCheck = 0610;
				ORGANIZATIONNAME = "Anime 3D SFX";
				TargetAttributes = {
					A94713A61B2DDC1600DA5E94 = {
						CreatedOnToolsVersion = 6.1.1;
					};
					A94713BB1B2DDC1700DA5E94 = {
						CreatedOnToolsVersion = 6.1.1;
						TestTargetID = A94713A61B2DDC1600DA5E94;
					};
				};
			};
			buildConfigurationList = A94713A21B2DDC1600DA5E94 /* Build configuration list for PBXProject "ToDoList" */;
			compatibilityVersion = "Xcode 3.2";
			developmentRegion = English;
			hasScannedForEncodings = 0;
			knownRegions = (
				en,
				Base,
			);
			mainGroup = A947139E1B2DDC1600DA5E94;
			productRefGroup = A94713A81B2DDC1700DA5E94 /* Products */;
			projectDirPath = "";
			projectRoot = "";
			targets = (
				A94713A61B2DDC1600DA5E94 /* ToDoList */,
				A94713BB1B2DDC1700DA5E94 /* ToDoListTests */,
			);
		};
/* End PBXProject section */

/* Begin PBXResourcesBuildPhase section */
		A94713A51B2DDC1600DA5E94 /* Resources */ = {
			isa = PBXResourcesBuildPhase;
			buildActionMask = 2147483647;
			files = (
				A94713B21B2DDC1700DA5E94 /* Main.storyboard in Resources */,
				A94713B71B2DDC1700DA5E94 /* LaunchScreen.xib in Resources */,
				A94713B41B2DDC1700DA5E94 /* Images.xcassets in Resources */,
			);
			runOnlyForDeploymentPostprocessing = 0;
		};
		A94713BA1B2DDC1700DA5E94 /* Resources */ = {
			isa = PBXResourcesBuildPhase;
			buildActionMask = 2147483647;
			files = (
			);
			runOnlyForDeploymentPostprocessing = 0;
		};
/* End PBXResourcesBuildPhase section */

/* Begin PBXSourcesBuildPhase section */
		A94713A31B2DDC1600DA5E94 /* Sources */ = {
			isa = PBXSourcesBuildPhase;
			buildActionMask = 2147483647;
			files = (
				A9100BE21B2E619D006C13AB /* TodoListTableViewController.swift in Sources */,
				A9100BE01B2E5FE4006C13AB /* AddToDoItemViewController.swift in Sources */,
				A94713AF1B2DDC1700DA5E94 /* ViewController.swift in Sources */,
				A94713AD1B2DDC1700DA5E94 /* AppDelegate.swift in Sources */,
			);
			runOnlyForDeploymentPostprocessing = 0;
		};
		A94713B81B2DDC1700DA5E94 /* Sources */ = {
			isa = PBXSourcesBuildPhase;
			buildActionMask = 2147483647;
			files = (
				A94713C31B2DDC1700DA5E94 /* ToDoListTests.swift in Sources */,
			);
			runOnlyForDeploymentPostprocessing = 0;
		};
/* End PBXSourcesBuildPhase section */

/* Begin PBXTargetDependency section */
		A94713BE1B2DDC1700DA5E94 /* PBXTargetDependency */ = {
			isa = PBXTargetDependency;
			target = A94713A61B2DDC1600DA5E94 /* ToDoList */;
			targetProxy = A94713BD1B2DDC1700DA5E94 /* PBXContainerItemProxy */;
		};
/* End PBXTargetDependency section */

/* Begin PBXVariantGroup section */
		A94713B01B2DDC1700DA5E94 /* Main.storyboard */ = {
			isa = PBXVariantGroup;
			children = (
				A94713B11B2DDC1700DA5E94 /* Base */,
			);
			name = Main.storyboard;
			sourceTree = "<group>";
		};
		A94713B51B2DDC1700DA5E94 /* LaunchScreen.xib */ = {
			isa = PBXVariantGroup;
			children = (
				A94713B61B2DDC1700DA5E94 /* Base */,
			);
			name = LaunchScreen.xib;
			sourceTree = "<group>";
		};
/* End PBXVariantGroup section */

/* Begin XCBuildConfiguration section */
		A94713C41B2DDC1700DA5E94 /* Debug */ = {
			isa = XCBuildConfiguration;
			buildSettings = {
				ALWAYS_SEARCH_USER_PATHS = NO;
				CLANG_CXX_LANGUAGE_STANDARD = "gnu++0x";
				CLANG_CXX_LIBRARY = "libc++";
				CLANG_ENABLE_MODULES = YES;
				CLANG_ENABLE_OBJC_ARC = YES;
				CLANG_WARN_BOOL_CONVERSION = YES;
				CLANG_WARN_CONSTANT_CONVERSION = YES;
				CLANG_WARN_DIRECT_OBJC_ISA_USAGE = YES_ERROR;
				CLANG_WARN_EMPTY_BODY = YES;
				CLANG_WARN_ENUM_CONVERSION = YES;
				CLANG_WARN_INT_CONVERSION = YES;
				CLANG_WARN_OBJC_ROOT_CLASS = YES_ERROR;
				CLANG_WARN_UNREACHABLE_CODE = YES;
				CLANG_WARN__DUPLICATE_METHOD_MATCH = YES;
				"CODE_SIGN_IDENTITY[sdk=iphoneos*]" = "iPhone Developer";
				COPY_PHASE_STRIP = NO;
				ENABLE_STRICT_OBJC_MSGSEND = YES;
				GCC_C_LANGUAGE_STANDARD = gnu99;
				GCC_DYNAMIC_NO_PIC = NO;
				GCC_OPTIMIZATION_LEVEL = 0;
				GCC_PREPROCESSOR_DEFINITIONS = (
					"DEBUG=1",
					"$(inherited)",
				);
				GCC_SYMBOLS_PRIVATE_EXTERN = NO;
				GCC_WARN_64_TO_32_BIT_CONVERSION = YES;
				GCC_WARN_ABOUT_RETURN_TYPE = YES_ERROR;
				GCC_WARN_UNDECLARED_SELECTOR = YES;
				GCC_WARN_UNINITIALIZED_AUTOS = YES_AGGRESSIVE;
				GCC_WARN_UNUSED_FUNCTION = YES;
				GCC_WARN_UNUSED_VARIABLE = YES;
				IPHONEOS_DEPLOYMENT_TARGET = 8.1;
				MTL_ENABLE_DEBUG_INFO = YES;
				ONLY_ACTIVE_ARCH = YES;
				SDKROOT = iphoneos;
				SWIFT_OPTIMIZATION_LEVEL = "-Onone";
				TARGETED_DEVICE_FAMILY = "1,2";
			};
			name = Debug;
		};
		A94713C51B2DDC1700DA5E94 /* Release */ = {
			isa = XCBuildConfiguration;
			buildSettings = {
				ALWAYS_SEARCH_USER_PATHS = NO;
				CLANG_CXX_LANGUAGE_STANDARD = "gnu++0x";
				CLANG_CXX_LIBRARY = "libc++";
				CLANG_ENABLE_MODULES = YES;
				CLANG_ENABLE_OBJC_ARC = YES;
				CLANG_WARN_BOOL_CONVERSION = YES;
				CLANG_WARN_CONSTANT_CONVERSION = YES;
				CLANG_WARN_DIRECT_OBJC_ISA_USAGE = YES_ERROR;
				CLANG_WARN_EMPTY_BODY = YES;
				CLANG_WARN_ENUM_CONVERSION = YES;
				CLANG_WARN_INT_CONVERSION = YES;
				CLANG_WARN_OBJC_ROOT_CLASS = YES_ERROR;
				CLANG_WARN_UNREACHABLE_CODE = YES;
				CLANG_WARN__DUPLICATE_METHOD_MATCH = YES;
				"CODE_SIGN_IDENTITY[sdk=iphoneos*]" = "iPhone Developer";
				COPY_PHASE_STRIP = YES;
				ENABLE_NS_ASSERTIONS = NO;
				ENABLE_STRICT_OBJC_MSGSEND = YES;
				GCC_C_LANGUAGE_STANDARD = gnu99;
				GCC_WARN_64_TO_32_BIT_CONVERSION = YES;
				GCC_WARN_ABOUT_RETURN_TYPE = YES_ERROR;
				GCC_WARN_UNDECLARED_SELECTOR = YES;
				GCC_WARN_UNINITIALIZED_AUTOS = YES_AGGRESSIVE;
				GCC_WARN_UNUSED_FUNCTION = YES;
				GCC_WARN_UNUSED_VARIABLE = YES;
				IPHONEOS_DEPLOYMENT_TARGET = 8.1;
				MTL_ENABLE_DEBUG_INFO = NO;
				SDKROOT = iphoneos;
				TARGETED_DEVICE_FAMILY = "1,2";
				VALIDATE_PRODUCT = YES;
			};
			name = Release;
		};
		A94713C71B2DDC1700DA5E94 /* Debug */ = {
			isa = XCBuildConfiguration;
			buildSettings = {
				ASSETCATALOG_COMPILER_APPICON_NAME = AppIcon;
				INFOPLIST_FILE = ToDoList/Info.plist;
				LD_RUNPATH_SEARCH_PATHS = "$(inherited) @executable_path/Frameworks";
				PRODUCT_NAME = "$(TARGET_NAME)";
			};
			name = Debug;
		};
		A94713C81B2DDC1700DA5E94 /* Release */ = {
			isa = XCBuildConfiguration;
			buildSettings = {
				ASSETCATALOG_COMPILER_APPICON_NAME = AppIcon;
				INFOPLIST_FILE = ToDoList/Info.plist;
				LD_RUNPATH_SEARCH_PATHS = "$(inherited) @executable_path/Frameworks";
				PRODUCT_NAME = "$(TARGET_NAME)";
			};
			name = Release;
		};
		A94713CA1B2DDC1700DA5E94 /* Debug */ = {
			isa = XCBuildConfiguration;
			buildSettings = {
				BUNDLE_LOADER = "$(TEST_HOST)";
				FRAMEWORK_SEARCH_PATHS = (
					"$(SDKROOT)/Developer/Library/Frameworks",
					"$(inherited)",
				);
				GCC_PREPROCESSOR_DEFINITIONS = (
					"DEBUG=1",
					"$(inherited)",
				);
				INFOPLIST_FILE = ToDoListTests/Info.plist;
				LD_RUNPATH_SEARCH_PATHS = "$(inherited) @executable_path/Frameworks @loader_path/Frameworks";
				PRODUCT_NAME = "$(TARGET_NAME)";
				TEST_HOST = "$(BUILT_PRODUCTS_DIR)/ToDoList.app/ToDoList";
			};
			name = Debug;
		};
		A94713CB1B2DDC1700DA5E94 /* Release */ = {
			isa = XCBuildConfiguration;
			buildSettings = {
				BUNDLE_LOADER = "$(TEST_HOST)";
				FRAMEWORK_SEARCH_PATHS = (
					"$(SDKROOT)/Developer/Library/Frameworks",
					"$(inherited)",
				);
				INFOPLIST_FILE = ToDoListTests/Info.plist;
				LD_RUNPATH_SEARCH_PATHS = "$(inherited) @executable_path/Frameworks @loader_path/Frameworks";
				PRODUCT_NAME = "$(TARGET_NAME)";
				TEST_HOST = "$(BUILT_PRODUCTS_DIR)/ToDoList.app/ToDoList";
			};
			name = Release;
		};
/* End XCBuildConfiguration section */

/* Begin XCConfigurationList section */
		A94713A21B2DDC1600DA5E94 /* Build configuration list for PBXProject "ToDoList" */ = {
			isa = XCConfigurationList;
			buildConfigurations = (
				A94713C41B2DDC1700DA5E94 /* Debug */,
				A94713C51B2DDC1700DA5E94 /* Release */,
			);
			defaultConfigurationIsVisible = 0;
			defaultConfigurationName = Release;
		};
		A94713C61B2DDC1700DA5E94 /* Build configuration list for PBXNativeTarget "ToDoList" */ = {
			isa = XCConfigurationList;
			buildConfigurations = (
				A94713C71B2DDC1700DA5E94 /* Debug */,
				A94713C81B2DDC1700DA5E94 /* Release */,
			);
			defaultConfigurationIsVisible = 0;
			defaultConfigurationName = Release;
		};
		A94713C91B2DDC1700DA5E94 /* Build configuration list for PBXNativeTarget "ToDoListTests" */ = {
			isa = XCConfigurationList;
			buildConfigurations = (
				A94713CA1B2DDC1700DA5E94 /* Debug */,
				A94713CB1B2DDC1700DA5E94 /* Release */,
			);
			defaultConfigurationIsVisible = 0;
			defaultConfigurationName = Release;
		};
/* End XCConfigurationList section */
	};
	rootObject = A947139F1B2DDC1600DA5E94 /* Project object */;
}
